// !$*UTF8*$!
{
	archiveVersion = 1;
	classes = {
	};
	objectVersion = 55;
	objects = {

/* Begin PBXBuildFile section */
		6F83AEBF2932A2B2000C4548 /* PhysicsSystemApp.swift in Sources */ = {isa = PBXBuildFile; fileRef = 6F83AEBE2932A2B2000C4548 /* PhysicsSystemApp.swift */; };
		6F83AEC12932A2B2000C4548 /* ContentView.swift in Sources */ = {isa = PBXBuildFile; fileRef = 6F83AEC02932A2B2000C4548 /* ContentView.swift */; };
		6F83AEC32932A2B5000C4548 /* Assets.xcassets in Resources */ = {isa = PBXBuildFile; fileRef = 6F83AEC22932A2B5000C4548 /* Assets.xcassets */; };
		6F83AEC62932A2B5000C4548 /* Preview Assets.xcassets in Resources */ = {isa = PBXBuildFile; fileRef = 6F83AEC52932A2B5000C4548 /* Preview Assets.xcassets */; };
		6F83AED12932A2B5000C4548 /* PhysicsSystemTests.swift in Sources */ = {isa = PBXBuildFile; fileRef = 6F83AED02932A2B5000C4548 /* PhysicsSystemTests.swift */; };
		6F83AEDB2932A2B5000C4548 /* PhysicsSystemUITests.swift in Sources */ = {isa = PBXBuildFile; fileRef = 6F83AEDA2932A2B5000C4548 /* PhysicsSystemUITests.swift */; };
		6F83AEDD2932A2B5000C4548 /* PhysicsSystemUITestsLaunchTests.swift in Sources */ = {isa = PBXBuildFile; fileRef = 6F83AEDC2932A2B5000C4548 /* PhysicsSystemUITestsLaunchTests.swift */; };
		6F83AF052932AE0A000C4548 /* Inference.swift in Sources */ = {isa = PBXBuildFile; fileRef = 6F83AF042932AE0A000C4548 /* Inference.swift */; };
		6FAC4F66294670B100F3A105 /* UItools.swift in Sources */ = {isa = PBXBuildFile; fileRef = 6FAC4F65294670B100F3A105 /* UItools.swift */; };
		6FFD46EB293BE341000C7465 /* Unit.swift in Sources */ = {isa = PBXBuildFile; fileRef = 6FFD46EA293BE341000C7465 /* Unit.swift */; };
		6FFD46ED293BE7E8000C7465 /* Variable.swift in Sources */ = {isa = PBXBuildFile; fileRef = 6FFD46EC293BE7E8000C7465 /* Variable.swift */; };
		6FFD46EF293C650E000C7465 /* Value.swift in Sources */ = {isa = PBXBuildFile; fileRef = 6FFD46EE293C650E000C7465 /* Value.swift */; };
		6FFD46F1293E71A1000C7465 /* Particle.swift in Sources */ = {isa = PBXBuildFile; fileRef = 6FFD46F0293E71A1000C7465 /* Particle.swift */; };
/* End PBXBuildFile section */

/* Begin PBXContainerItemProxy section */
		6F83AECD2932A2B5000C4548 /* PBXContainerItemProxy */ = {
			isa = PBXContainerItemProxy;
			containerPortal = 6F83AEB32932A2B1000C4548 /* Project object */;
			proxyType = 1;
			remoteGlobalIDString = 6F83AEBA2932A2B1000C4548;
			remoteInfo = PhysicsSystem;
		};
		6F83AED72932A2B5000C4548 /* PBXContainerItemProxy */ = {
			isa = PBXContainerItemProxy;
			containerPortal = 6F83AEB32932A2B1000C4548 /* Project object */;
			proxyType = 1;
			remoteGlobalIDString = 6F83AEBA2932A2B1000C4548;
			remoteInfo = PhysicsSystem;
		};
/* End PBXContainerItemProxy section */

/* Begin PBXCopyFilesBuildPhase section */
		6F83AF032932A34F000C4548 /* Embed App Extensions */ = {
			isa = PBXCopyFilesBuildPhase;
			buildActionMask = 2147483647;
			dstPath = "";
			dstSubfolderSpec = 13;
			files = (
			);
			name = "Embed App Extensions";
			runOnlyForDeploymentPostprocessing = 0;
		};
/* End PBXCopyFilesBuildPhase section */

/* Begin PBXFileReference section */
		6F83AEBB2932A2B1000C4548 /* PhysicsSystem.app */ = {isa = PBXFileReference; explicitFileType = wrapper.application; includeInIndex = 0; path = PhysicsSystem.app; sourceTree = BUILT_PRODUCTS_DIR; };
		6F83AEBE2932A2B2000C4548 /* PhysicsSystemApp.swift */ = {isa = PBXFileReference; lastKnownFileType = sourcecode.swift; path = PhysicsSystemApp.swift; sourceTree = "<group>"; };
		6F83AEC02932A2B2000C4548 /* ContentView.swift */ = {isa = PBXFileReference; lastKnownFileType = sourcecode.swift; path = ContentView.swift; sourceTree = "<group>"; };
		6F83AEC22932A2B5000C4548 /* Assets.xcassets */ = {isa = PBXFileReference; lastKnownFileType = folder.assetcatalog; path = Assets.xcassets; sourceTree = "<group>"; };
		6F83AEC52932A2B5000C4548 /* Preview Assets.xcassets */ = {isa = PBXFileReference; lastKnownFileType = folder.assetcatalog; path = "Preview Assets.xcassets"; sourceTree = "<group>"; };
		6F83AEC72932A2B5000C4548 /* PhysicsSystem.entitlements */ = {isa = PBXFileReference; lastKnownFileType = text.plist.entitlements; path = PhysicsSystem.entitlements; sourceTree = "<group>"; };
		6F83AECC2932A2B5000C4548 /* PhysicsSystemTests.xctest */ = {isa = PBXFileReference; explicitFileType = wrapper.cfbundle; includeInIndex = 0; path = PhysicsSystemTests.xctest; sourceTree = BUILT_PRODUCTS_DIR; };
		6F83AED02932A2B5000C4548 /* PhysicsSystemTests.swift */ = {isa = PBXFileReference; lastKnownFileType = sourcecode.swift; path = PhysicsSystemTests.swift; sourceTree = "<group>"; };
		6F83AED62932A2B5000C4548 /* PhysicsSystemUITests.xctest */ = {isa = PBXFileReference; explicitFileType = wrapper.cfbundle; includeInIndex = 0; path = PhysicsSystemUITests.xctest; sourceTree = BUILT_PRODUCTS_DIR; };
		6F83AEDA2932A2B5000C4548 /* PhysicsSystemUITests.swift */ = {isa = PBXFileReference; lastKnownFileType = sourcecode.swift; path = PhysicsSystemUITests.swift; sourceTree = "<group>"; };
		6F83AEDC2932A2B5000C4548 /* PhysicsSystemUITestsLaunchTests.swift */ = {isa = PBXFileReference; lastKnownFileType = sourcecode.swift; path = PhysicsSystemUITestsLaunchTests.swift; sourceTree = "<group>"; };
		6F83AEEF2932A34C000C4548 /* WidgetKit.framework */ = {isa = PBXFileReference; lastKnownFileType = wrapper.framework; name = WidgetKit.framework; path = System/Library/Frameworks/WidgetKit.framework; sourceTree = SDKROOT; };
		6F83AEF12932A34C000C4548 /* SwiftUI.framework */ = {isa = PBXFileReference; lastKnownFileType = wrapper.framework; name = SwiftUI.framework; path = System/Library/Frameworks/SwiftUI.framework; sourceTree = SDKROOT; };
		6F83AF042932AE0A000C4548 /* Inference.swift */ = {isa = PBXFileReference; lastKnownFileType = sourcecode.swift; path = Inference.swift; sourceTree = "<group>"; };
		6FAC4F65294670B100F3A105 /* UItools.swift */ = {isa = PBXFileReference; lastKnownFileType = sourcecode.swift; path = UItools.swift; sourceTree = "<group>"; };
		6FFD46EA293BE341000C7465 /* Unit.swift */ = {isa = PBXFileReference; lastKnownFileType = sourcecode.swift; path = Unit.swift; sourceTree = "<group>"; };
		6FFD46EC293BE7E8000C7465 /* Variable.swift */ = {isa = PBXFileReference; lastKnownFileType = sourcecode.swift; path = Variable.swift; sourceTree = "<group>"; };
		6FFD46EE293C650E000C7465 /* Value.swift */ = {isa = PBXFileReference; lastKnownFileType = sourcecode.swift; path = Value.swift; sourceTree = "<group>"; };
		6FFD46F0293E71A1000C7465 /* Particle.swift */ = {isa = PBXFileReference; lastKnownFileType = sourcecode.swift; path = Particle.swift; sourceTree = "<group>"; };
/* End PBXFileReference section */

/* Begin PBXFrameworksBuildPhase section */
		6F83AEB82932A2B1000C4548 /* Frameworks */ = {
			isa = PBXFrameworksBuildPhase;
			buildActionMask = 2147483647;
			files = (
			);
			runOnlyForDeploymentPostprocessing = 0;
		};
		6F83AEC92932A2B5000C4548 /* Frameworks */ = {
			isa = PBXFrameworksBuildPhase;
			buildActionMask = 2147483647;
			files = (
			);
			runOnlyForDeploymentPostprocessing = 0;
		};
		6F83AED32932A2B5000C4548 /* Frameworks */ = {
			isa = PBXFrameworksBuildPhase;
			buildActionMask = 2147483647;
			files = (
			);
			runOnlyForDeploymentPostprocessing = 0;
		};
/* End PBXFrameworksBuildPhase section */

/* Begin PBXGroup section */
		6F83AEB22932A2B1000C4548 = {
			isa = PBXGroup;
			children = (
				6FFD46EE293C650E000C7465 /* Value.swift */,
				6F83AEBD2932A2B1000C4548 /* PhysicsSystem */,
				6F83AECF2932A2B5000C4548 /* PhysicsSystemTests */,
				6F83AED92932A2B5000C4548 /* PhysicsSystemUITests */,
				6F83AEEE2932A34C000C4548 /* Frameworks */,
				6F83AEBC2932A2B1000C4548 /* Products */,
			);
			sourceTree = "<group>";
		};
		6F83AEBC2932A2B1000C4548 /* Products */ = {
			isa = PBXGroup;
			children = (
				6F83AEBB2932A2B1000C4548 /* PhysicsSystem.app */,
				6F83AECC2932A2B5000C4548 /* PhysicsSystemTests.xctest */,
				6F83AED62932A2B5000C4548 /* PhysicsSystemUITests.xctest */,
			);
			name = Products;
			sourceTree = "<group>";
		};
		6F83AEBD2932A2B1000C4548 /* PhysicsSystem */ = {
			isa = PBXGroup;
			children = (
				6F83AEBE2932A2B2000C4548 /* PhysicsSystemApp.swift */,
				6F83AEC02932A2B2000C4548 /* ContentView.swift */,
				6F83AEC22932A2B5000C4548 /* Assets.xcassets */,
				6F83AEC72932A2B5000C4548 /* PhysicsSystem.entitlements */,
				6F83AEC42932A2B5000C4548 /* Preview Content */,
				6F83AF042932AE0A000C4548 /* Inference.swift */,
				6FFD46EA293BE341000C7465 /* Unit.swift */,
				6FFD46EC293BE7E8000C7465 /* Variable.swift */,
				6FFD46F0293E71A1000C7465 /* Particle.swift */,
				6FAC4F65294670B100F3A105 /* UItools.swift */,
			);
			path = PhysicsSystem;
			sourceTree = "<group>";
		};
		6F83AEC42932A2B5000C4548 /* Preview Content */ = {
			isa = PBXGroup;
			children = (
				6F83AEC52932A2B5000C4548 /* Preview Assets.xcassets */,
			);
			path = "Preview Content";
			sourceTree = "<group>";
		};
		6F83AECF2932A2B5000C4548 /* PhysicsSystemTests */ = {
			isa = PBXGroup;
			children = (
				6F83AED02932A2B5000C4548 /* PhysicsSystemTests.swift */,
			);
			path = PhysicsSystemTests;
			sourceTree = "<group>";
		};
		6F83AED92932A2B5000C4548 /* PhysicsSystemUITests */ = {
			isa = PBXGroup;
			children = (
				6F83AEDA2932A2B5000C4548 /* PhysicsSystemUITests.swift */,
				6F83AEDC2932A2B5000C4548 /* PhysicsSystemUITestsLaunchTests.swift */,
			);
			path = PhysicsSystemUITests;
			sourceTree = "<group>";
		};
		6F83AEEE2932A34C000C4548 /* Frameworks */ = {
			isa = PBXGroup;
			children = (
				6F83AEEF2932A34C000C4548 /* WidgetKit.framework */,
				6F83AEF12932A34C000C4548 /* SwiftUI.framework */,
			);
			name = Frameworks;
			sourceTree = "<group>";
		};
/* End PBXGroup section */

/* Begin PBXNativeTarget section */
		6F83AEBA2932A2B1000C4548 /* PhysicsSystem */ = {
			isa = PBXNativeTarget;
			buildConfigurationList = 6F83AEE02932A2B5000C4548 /* Build configuration list for PBXNativeTarget "PhysicsSystem" */;
			buildPhases = (
				6F83AEB72932A2B1000C4548 /* Sources */,
				6F83AEB82932A2B1000C4548 /* Frameworks */,
				6F83AEB92932A2B1000C4548 /* Resources */,
				6F83AF032932A34F000C4548 /* Embed App Extensions */,
			);
			buildRules = (
			);
			dependencies = (
			);
			name = PhysicsSystem;
			productName = PhysicsSystem;
			productReference = 6F83AEBB2932A2B1000C4548 /* PhysicsSystem.app */;
			productType = "com.apple.product-type.application";
		};
		6F83AECB2932A2B5000C4548 /* PhysicsSystemTests */ = {
			isa = PBXNativeTarget;
			buildConfigurationList = 6F83AEE32932A2B5000C4548 /* Build configuration list for PBXNativeTarget "PhysicsSystemTests" */;
			buildPhases = (
				6F83AEC82932A2B5000C4548 /* Sources */,
				6F83AEC92932A2B5000C4548 /* Frameworks */,
				6F83AECA2932A2B5000C4548 /* Resources */,
			);
			buildRules = (
			);
			dependencies = (
				6F83AECE2932A2B5000C4548 /* PBXTargetDependency */,
			);
			name = PhysicsSystemTests;
			productName = PhysicsSystemTests;
			productReference = 6F83AECC2932A2B5000C4548 /* PhysicsSystemTests.xctest */;
			productType = "com.apple.product-type.bundle.unit-test";
		};
		6F83AED52932A2B5000C4548 /* PhysicsSystemUITests */ = {
			isa = PBXNativeTarget;
			buildConfigurationList = 6F83AEE62932A2B5000C4548 /* Build configuration list for PBXNativeTarget "PhysicsSystemUITests" */;
			buildPhases = (
				6F83AED22932A2B5000C4548 /* Sources */,
				6F83AED32932A2B5000C4548 /* Frameworks */,
				6F83AED42932A2B5000C4548 /* Resources */,
			);
			buildRules = (
			);
			dependencies = (
				6F83AED82932A2B5000C4548 /* PBXTargetDependency */,
			);
			name = PhysicsSystemUITests;
			productName = PhysicsSystemUITests;
			productReference = 6F83AED62932A2B5000C4548 /* PhysicsSystemUITests.xctest */;
			productType = "com.apple.product-type.bundle.ui-testing";
		};
/* End PBXNativeTarget section */

/* Begin PBXProject section */
		6F83AEB32932A2B1000C4548 /* Project object */ = {
			isa = PBXProject;
			attributes = {
				BuildIndependentTargetsInParallel = 1;
				LastSwiftUpdateCheck = 1320;
				LastUpgradeCheck = 1320;
				TargetAttributes = {
					6F83AEBA2932A2B1000C4548 = {
						CreatedOnToolsVersion = 13.2.1;
					};
					6F83AECB2932A2B5000C4548 = {
						CreatedOnToolsVersion = 13.2.1;
						TestTargetID = 6F83AEBA2932A2B1000C4548;
					};
					6F83AED52932A2B5000C4548 = {
						CreatedOnToolsVersion = 13.2.1;
						TestTargetID = 6F83AEBA2932A2B1000C4548;
					};
				};
			};
			buildConfigurationList = 6F83AEB62932A2B1000C4548 /* Build configuration list for PBXProject "PhysicsSystem" */;
			compatibilityVersion = "Xcode 13.0";
			developmentRegion = en;
			hasScannedForEncodings = 0;
			knownRegions = (
				en,
				Base,
			);
			mainGroup = 6F83AEB22932A2B1000C4548;
			productRefGroup = 6F83AEBC2932A2B1000C4548 /* Products */;
			projectDirPath = "";
			projectRoot = "";
			targets = (
				6F83AEBA2932A2B1000C4548 /* PhysicsSystem */,
				6F83AECB2932A2B5000C4548 /* PhysicsSystemTests */,
				6F83AED52932A2B5000C4548 /* PhysicsSystemUITests */,
			);
		};
/* End PBXProject section */

/* Begin PBXResourcesBuildPhase section */
		6F83AEB92932A2B1000C4548 /* Resources */ = {
			isa = PBXResourcesBuildPhase;
			buildActionMask = 2147483647;
			files = (
				6F83AEC62932A2B5000C4548 /* Preview Assets.xcassets in Resources */,
				6F83AEC32932A2B5000C4548 /* Assets.xcassets in Resources */,
			);
			runOnlyForDeploymentPostprocessing = 0;
		};
		6F83AECA2932A2B5000C4548 /* Resources */ = {
			isa = PBXResourcesBuildPhase;
			buildActionMask = 2147483647;
			files = (
			);
			runOnlyForDeploymentPostprocessing = 0;
		};
		6F83AED42932A2B5000C4548 /* Resources */ = {
			isa = PBXResourcesBuildPhase;
			buildActionMask = 2147483647;
			files = (
			);
			runOnlyForDeploymentPostprocessing = 0;
		};
/* End PBXResourcesBuildPhase section */

/* Begin PBXSourcesBuildPhase section */
		6F83AEB72932A2B1000C4548 /* Sources */ = {
			isa = PBXSourcesBuildPhase;
			buildActionMask = 2147483647;
			files = (
				6FFD46EB293BE341000C7465 /* Unit.swift in Sources */,
				6FFD46ED293BE7E8000C7465 /* Variable.swift in Sources */,
				6FFD46EF293C650E000C7465 /* Value.swift in Sources */,
				6FFD46F1293E71A1000C7465 /* Particle.swift in Sources */,
				6F83AF052932AE0A000C4548 /* Inference.swift in Sources */,
				6F83AEC12932A2B2000C4548 /* ContentView.swift in Sources */,
				6F83AEBF2932A2B2000C4548 /* PhysicsSystemApp.swift in Sources */,
				6FAC4F66294670B100F3A105 /* UItools.swift in Sources */,
			);
			runOnlyForDeploymentPostprocessing = 0;
		};
		6F83AEC82932A2B5000C4548 /* Sources */ = {
			isa = PBXSourcesBuildPhase;
			buildActionMask = 2147483647;
			files = (
				6F83AED12932A2B5000C4548 /* PhysicsSystemTests.swift in Sources */,
			);
			runOnlyForDeploymentPostprocessing = 0;
		};
		6F83AED22932A2B5000C4548 /* Sources */ = {
			isa = PBXSourcesBuildPhase;
			buildActionMask = 2147483647;
			files = (
				6F83AEDB2932A2B5000C4548 /* PhysicsSystemUITests.swift in Sources */,
				6F83AEDD2932A2B5000C4548 /* PhysicsSystemUITestsLaunchTests.swift in Sources */,
			);
			runOnlyForDeploymentPostprocessing = 0;
		};
/* End PBXSourcesBuildPhase section */

/* Begin PBXTargetDependency section */
		6F83AECE2932A2B5000C4548 /* PBXTargetDependency */ = {
			isa = PBXTargetDependency;
			target = 6F83AEBA2932A2B1000C4548 /* PhysicsSystem */;
			targetProxy = 6F83AECD2932A2B5000C4548 /* PBXContainerItemProxy */;
		};
		6F83AED82932A2B5000C4548 /* PBXTargetDependency */ = {
			isa = PBXTargetDependency;
			target = 6F83AEBA2932A2B1000C4548 /* PhysicsSystem */;
			targetProxy = 6F83AED72932A2B5000C4548 /* PBXContainerItemProxy */;
		};
/* End PBXTargetDependency section */

/* Begin XCBuildConfiguration section */
		6F83AEDE2932A2B5000C4548 /* Debug */ = {
			isa = XCBuildConfiguration;
			buildSettings = {
				ALWAYS_SEARCH_USER_PATHS = NO;
				CLANG_ANALYZER_NONNULL = YES;
				CLANG_ANALYZER_NUMBER_OBJECT_CONVERSION = YES_AGGRESSIVE;
				CLANG_CXX_LANGUAGE_STANDARD = "gnu++17";
				CLANG_CXX_LIBRARY = "libc++";
				CLANG_ENABLE_MODULES = YES;
				CLANG_ENABLE_OBJC_ARC = YES;
				CLANG_ENABLE_OBJC_WEAK = YES;
				CLANG_WARN_BLOCK_CAPTURE_AUTORELEASING = YES;
				CLANG_WARN_BOOL_CONVERSION = YES;
				CLANG_WARN_COMMA = YES;
				CLANG_WARN_CONSTANT_CONVERSION = YES;
				CLANG_WARN_DEPRECATED_OBJC_IMPLEMENTATIONS = YES;
				CLANG_WARN_DIRECT_OBJC_ISA_USAGE = YES_ERROR;
				CLANG_WARN_DOCUMENTATION_COMMENTS = YES;
				CLANG_WARN_EMPTY_BODY = YES;
				CLANG_WARN_ENUM_CONVERSION = YES;
				CLANG_WARN_INFINITE_RECURSION = YES;
				CLANG_WARN_INT_CONVERSION = YES;
				CLANG_WARN_NON_LITERAL_NULL_CONVERSION = YES;
				CLANG_WARN_OBJC_IMPLICIT_RETAIN_SELF = YES;
				CLANG_WARN_OBJC_LITERAL_CONVERSION = YES;
				CLANG_WARN_OBJC_ROOT_CLASS = YES_ERROR;
				CLANG_WARN_QUOTED_INCLUDE_IN_FRAMEWORK_HEADER = YES;
				CLANG_WARN_RANGE_LOOP_ANALYSIS = YES;
				CLANG_WARN_STRICT_PROTOTYPES = YES;
				CLANG_WARN_SUSPICIOUS_MOVE = YES;
				CLANG_WARN_UNGUARDED_AVAILABILITY = YES_AGGRESSIVE;
				CLANG_WARN_UNREACHABLE_CODE = YES;
				CLANG_WARN__DUPLICATE_METHOD_MATCH = YES;
				COPY_PHASE_STRIP = NO;
				DEBUG_INFORMATION_FORMAT = dwarf;
				ENABLE_STRICT_OBJC_MSGSEND = YES;
				ENABLE_TESTABILITY = YES;
				GCC_C_LANGUAGE_STANDARD = gnu11;
				GCC_DYNAMIC_NO_PIC = NO;
				GCC_NO_COMMON_BLOCKS = YES;
				GCC_OPTIMIZATION_LEVEL = 0;
				GCC_PREPROCESSOR_DEFINITIONS = (
					"DEBUG=1",
					"$(inherited)",
				);
				GCC_WARN_64_TO_32_BIT_CONVERSION = YES;
				GCC_WARN_ABOUT_RETURN_TYPE = YES_ERROR;
				GCC_WARN_UNDECLARED_SELECTOR = YES;
				GCC_WARN_UNINITIALIZED_AUTOS = YES_AGGRESSIVE;
				GCC_WARN_UNUSED_FUNCTION = YES;
				GCC_WARN_UNUSED_VARIABLE = YES;
				MACOSX_DEPLOYMENT_TARGET = 12.1;
				MTL_ENABLE_DEBUG_INFO = INCLUDE_SOURCE;
				MTL_FAST_MATH = YES;
				ONLY_ACTIVE_ARCH = YES;
				SDKROOT = macosx;
				SWIFT_ACTIVE_COMPILATION_CONDITIONS = DEBUG;
				SWIFT_OPTIMIZATION_LEVEL = "-Onone";
			};
			name = Debug;
		};
		6F83AEDF2932A2B5000C4548 /* Release */ = {
			isa = XCBuildConfiguration;
			buildSettings = {
				ALWAYS_SEARCH_USER_PATHS = NO;
				CLANG_ANALYZER_NONNULL = YES;
				CLANG_ANALYZER_NUMBER_OBJECT_CONVERSION = YES_AGGRESSIVE;
				CLANG_CXX_LANGUAGE_STANDARD = "gnu++17";
				CLANG_CXX_LIBRARY = "libc++";
				CLANG_ENABLE_MODULES = YES;
				CLANG_ENABLE_OBJC_ARC = YES;
				CLANG_ENABLE_OBJC_WEAK = YES;
				CLANG_WARN_BLOCK_CAPTURE_AUTORELEASING = YES;
				CLANG_WARN_BOOL_CONVERSION = YES;
				CLANG_WARN_COMMA = YES;
				CLANG_WARN_CONSTANT_CONVERSION = YES;
				CLANG_WARN_DEPRECATED_OBJC_IMPLEMENTATIONS = YES;
				CLANG_WARN_DIRECT_OBJC_ISA_USAGE = YES_ERROR;
				CLANG_WARN_DOCUMENTATION_COMMENTS = YES;
				CLANG_WARN_EMPTY_BODY = YES;
				CLANG_WARN_ENUM_CONVERSION = YES;
				CLANG_WARN_INFINITE_RECURSION = YES;
				CLANG_WARN_INT_CONVERSION = YES;
				CLANG_WARN_NON_LITERAL_NULL_CONVERSION = YES;
				CLANG_WARN_OBJC_IMPLICIT_RETAIN_SELF = YES;
				CLANG_WARN_OBJC_LITERAL_CONVERSION = YES;
				CLANG_WARN_OBJC_ROOT_CLASS = YES_ERROR;
				CLANG_WARN_QUOTED_INCLUDE_IN_FRAMEWORK_HEADER = YES;
				CLANG_WARN_RANGE_LOOP_ANALYSIS = YES;
				CLANG_WARN_STRICT_PROTOTYPES = YES;
				CLANG_WARN_SUSPICIOUS_MOVE = YES;
				CLANG_WARN_UNGUARDED_AVAILABILITY = YES_AGGRESSIVE;
				CLANG_WARN_UNREACHABLE_CODE = YES;
				CLANG_WARN__DUPLICATE_METHOD_MATCH = YES;
				COPY_PHASE_STRIP = NO;
				DEBUG_INFORMATION_FORMAT = "dwarf-with-dsym";
				ENABLE_NS_ASSERTIONS = NO;
				ENABLE_STRICT_OBJC_MSGSEND = YES;
				GCC_C_LANGUAGE_STANDARD = gnu11;
				GCC_NO_COMMON_BLOCKS = YES;
				GCC_WARN_64_TO_32_BIT_CONVERSION = YES;
				GCC_WARN_ABOUT_RETURN_TYPE = YES_ERROR;
				GCC_WARN_UNDECLARED_SELECTOR = YES;
				GCC_WARN_UNINITIALIZED_AUTOS = YES_AGGRESSIVE;
				GCC_WARN_UNUSED_FUNCTION = YES;
				GCC_WARN_UNUSED_VARIABLE = YES;
				MACOSX_DEPLOYMENT_TARGET = 12.1;
				MTL_ENABLE_DEBUG_INFO = NO;
				MTL_FAST_MATH = YES;
				SDKROOT = macosx;
				SWIFT_COMPILATION_MODE = wholemodule;
				SWIFT_OPTIMIZATION_LEVEL = "-O";
			};
			name = Release;
		};
		6F83AEE12932A2B5000C4548 /* Debug */ = {
			isa = XCBuildConfiguration;
			buildSettings = {
				ASSETCATALOG_COMPILER_APPICON_NAME = AppIcon;
				ASSETCATALOG_COMPILER_GLOBAL_ACCENT_COLOR_NAME = AccentColor;
				CODE_SIGN_ENTITLEMENTS = PhysicsSystem/PhysicsSystem.entitlements;
				CODE_SIGN_STYLE = Automatic;
				COMBINE_HIDPI_IMAGES = YES;
				CURRENT_PROJECT_VERSION = 1;
				DEVELOPMENT_ASSET_PATHS = "\"PhysicsSystem/Preview Content\"";
				DEVELOPMENT_TEAM = FVC7AN8G22;
				ENABLE_HARDENED_RUNTIME = YES;
				ENABLE_PREVIEWS = YES;
				GENERATE_INFOPLIST_FILE = YES;
				INFOPLIST_KEY_LSApplicationCategoryType = "public.app-category.reference";
				INFOPLIST_KEY_NSHumanReadableCopyright = "";
				LD_RUNPATH_SEARCH_PATHS = (
					"$(inherited)",
					"@executable_path/../Frameworks",
				);
				MARKETING_VERSION = 1.0;
				PRODUCT_BUNDLE_IDENTIFIER = andrew.fox.PhysicsSystem;
				PRODUCT_NAME = "$(TARGET_NAME)";
				SWIFT_EMIT_LOC_STRINGS = YES;
				SWIFT_VERSION = 5.0;
			};
			name = Debug;
		};
		6F83AEE22932A2B5000C4548 /* Release */ = {
			isa = XCBuildConfiguration;
			buildSettings = {
				ASSETCATALOG_COMPILER_APPICON_NAME = AppIcon;
				ASSETCATALOG_COMPILER_GLOBAL_ACCENT_COLOR_NAME = AccentColor;
				CODE_SIGN_ENTITLEMENTS = PhysicsSystem/PhysicsSystem.entitlements;
				CODE_SIGN_STYLE = Automatic;
				COMBINE_HIDPI_IMAGES = YES;
				CURRENT_PROJECT_VERSION = 1;
				DEVELOPMENT_ASSET_PATHS = "\"PhysicsSystem/Preview Content\"";
				DEVELOPMENT_TEAM = FVC7AN8G22;
				ENABLE_HARDENED_RUNTIME = YES;
				ENABLE_PREVIEWS = YES;
				GENERATE_INFOPLIST_FILE = YES;
				INFOPLIST_KEY_LSApplicationCategoryType = "public.app-category.reference";
				INFOPLIST_KEY_NSHumanReadableCopyright = "";
				LD_RUNPATH_SEARCH_PATHS = (
					"$(inherited)",
					"@executable_path/../Frameworks",
				);
				MARKETING_VERSION = 1.0;
				PRODUCT_BUNDLE_IDENTIFIER = andrew.fox.PhysicsSystem;
				PRODUCT_NAME = "$(TARGET_NAME)";
				SWIFT_EMIT_LOC_STRINGS = YES;
				SWIFT_VERSION = 5.0;
			};
			name = Release;
		};
		6F83AEE42932A2B5000C4548 /* Debug */ = {
			isa = XCBuildConfiguration;
			buildSettings = {
				ALWAYS_EMBED_SWIFT_STANDARD_LIBRARIES = YES;
				BUNDLE_LOADER = "$(TEST_HOST)";
				CODE_SIGN_STYLE = Automatic;
				CURRENT_PROJECT_VERSION = 1;
				DEVELOPMENT_TEAM = A9XLYVCYQC;
				GENERATE_INFOPLIST_FILE = YES;
				MACOSX_DEPLOYMENT_TARGET = 12.1;
				MARKETING_VERSION = 1.0;
				PRODUCT_BUNDLE_IDENTIFIER = andrew.fox.PhysicsSystemTests;
				PRODUCT_NAME = "$(TARGET_NAME)";
				SWIFT_EMIT_LOC_STRINGS = NO;
				SWIFT_VERSION = 5.0;
				TEST_HOST = "$(BUILT_PRODUCTS_DIR)/PhysicsSystem.app/Contents/MacOS/PhysicsSystem";
			};
			name = Debug;
		};
		6F83AEE52932A2B5000C4548 /* Release */ = {
			isa = XCBuildConfiguration;
			buildSettings = {
				ALWAYS_EMBED_SWIFT_STANDARD_LIBRARIES = YES;
				BUNDLE_LOADER = "$(TEST_HOST)";
				CODE_SIGN_STYLE = Automatic;
				CURRENT_PROJECT_VERSION = 1;
				DEVELOPMENT_TEAM = A9XLYVCYQC;
				GENERATE_INFOPLIST_FILE = YES;
				MACOSX_DEPLOYMENT_TARGET = 12.1;
				MARKETING_VERSION = 1.0;
				PRODUCT_BUNDLE_IDENTIFIER = andrew.fox.PhysicsSystemTests;
				PRODUCT_NAME = "$(TARGET_NAME)";
				SWIFT_EMIT_LOC_STRINGS = NO;
				SWIFT_VERSION = 5.0;
				TEST_HOST = "$(BUILT_PRODUCTS_DIR)/PhysicsSystem.app/Contents/MacOS/PhysicsSystem";
			};
			name = Release;
		};
		6F83AEE72932A2B5000C4548 /* Debug */ = {
			isa = XCBuildConfiguration;
			buildSettings = {
				ALWAYS_EMBED_SWIFT_STANDARD_LIBRARIES = YES;
				CODE_SIGN_STYLE = Automatic;
				CURRENT_PROJECT_VERSION = 1;
				DEVELOPMENT_TEAM = A9XLYVCYQC;
				GENERATE_INFOPLIST_FILE = YES;
				MARKETING_VERSION = 1.0;
				PRODUCT_BUNDLE_IDENTIFIER = andrew.fox.PhysicsSystemUITests;
				PRODUCT_NAME = "$(TARGET_NAME)";
				SWIFT_EMIT_LOC_STRINGS = NO;
				SWIFT_VERSION = 5.0;
				TEST_TARGET_NAME = PhysicsSystem;
			};
			name = Debug;
		};
		6F83AEE82932A2B5000C4548 /* Release */ = {
			isa = XCBuildConfiguration;
			buildSettings = {
				ALWAYS_EMBED_SWIFT_STANDARD_LIBRARIES = YES;
				CODE_SIGN_STYLE = Automatic;
				CURRENT_PROJECT_VERSION = 1;
				DEVELOPMENT_TEAM = A9XLYVCYQC;
				GENERATE_INFOPLIST_FILE = YES;
				MARKETING_VERSION = 1.0;
				PRODUCT_BUNDLE_IDENTIFIER = andrew.fox.PhysicsSystemUITests;
				PRODUCT_NAME = "$(TARGET_NAME)";
				SWIFT_EMIT_LOC_STRINGS = NO;
				SWIFT_VERSION = 5.0;
				TEST_TARGET_NAME = PhysicsSystem;
			};
			name = Release;
		};
/* End XCBuildConfiguration section */

/* Begin XCConfigurationList section */
		6F83AEB62932A2B1000C4548 /* Build configuration list for PBXProject "PhysicsSystem" */ = {
			isa = XCConfigurationList;
			buildConfigurations = (
				6F83AEDE2932A2B5000C4548 /* Debug */,
				6F83AEDF2932A2B5000C4548 /* Release */,
			);
			defaultConfigurationIsVisible = 0;
			defaultConfigurationName = Release;
		};
		6F83AEE02932A2B5000C4548 /* Build configuration list for PBXNativeTarget "PhysicsSystem" */ = {
			isa = XCConfigurationList;
			buildConfigurations = (
				6F83AEE12932A2B5000C4548 /* Debug */,
				6F83AEE22932A2B5000C4548 /* Release */,
			);
			defaultConfigurationIsVisible = 0;
			defaultConfigurationName = Release;
		};
		6F83AEE32932A2B5000C4548 /* Build configuration list for PBXNativeTarget "PhysicsSystemTests" */ = {
			isa = XCConfigurationList;
			buildConfigurations = (
				6F83AEE42932A2B5000C4548 /* Debug */,
				6F83AEE52932A2B5000C4548 /* Release */,
			);
			defaultConfigurationIsVisible = 0;
			defaultConfigurationName = Release;
		};
		6F83AEE62932A2B5000C4548 /* Build configuration list for PBXNativeTarget "PhysicsSystemUITests" */ = {
			isa = XCConfigurationList;
			buildConfigurations = (
				6F83AEE72932A2B5000C4548 /* Debug */,
				6F83AEE82932A2B5000C4548 /* Release */,
			);
			defaultConfigurationIsVisible = 0;
			defaultConfigurationName = Release;
		};
/* End XCConfigurationList section */
	};
	rootObject = 6F83AEB32932A2B1000C4548 /* Project object */;
}
